// !$*UTF8*$!
{
	archiveVersion = 1;
	classes = {
	};
	objectVersion = 56;
	objects = {

/* Begin PBXBuildFile section */
		E419CE672A439ABC00399F79 /* HttpClientAssembler.swift in Sources */ = {isa = PBXBuildFile; fileRef = E419CE662A439ABC00399F79 /* HttpClientAssembler.swift */; };
		E419CE6E2A439B8500399F79 /* NetworkVerifyAssembler.swift in Sources */ = {isa = PBXBuildFile; fileRef = E419CE6D2A439B8500399F79 /* NetworkVerifyAssembler.swift */; };
		E419CE712A439C8700399F79 /* GameAssembler.swift in Sources */ = {isa = PBXBuildFile; fileRef = E419CE702A439C8700399F79 /* GameAssembler.swift */; };
		E419CE742A4465B600399F79 /* Realm in Frameworks */ = {isa = PBXBuildFile; productRef = E419CE732A4465B600399F79 /* Realm */; };
		E419CE762A4465B600399F79 /* RealmSwift in Frameworks */ = {isa = PBXBuildFile; productRef = E419CE752A4465B600399F79 /* RealmSwift */; };
		E419CE802A4467F100399F79 /* RealmManagerProtocol.swift in Sources */ = {isa = PBXBuildFile; fileRef = E419CE7F2A4467F100399F79 /* RealmManagerProtocol.swift */; };
		E419CE822A44680D00399F79 /* RealmManager.swift in Sources */ = {isa = PBXBuildFile; fileRef = E419CE812A44680D00399F79 /* RealmManager.swift */; };
		E419CE862A446A8C00399F79 /* GameDao.swift in Sources */ = {isa = PBXBuildFile; fileRef = E419CE852A446A8C00399F79 /* GameDao.swift */; };
		E426671B2A4305E600CF601B /* Infrastructure.framework in Frameworks */ = {isa = PBXBuildFile; fileRef = E42667122A4305E500CF601B /* Infrastructure.framework */; };
		E42667212A4305E600CF601B /* Infrastructure.h in Headers */ = {isa = PBXBuildFile; fileRef = E42667152A4305E500CF601B /* Infrastructure.h */; settings = {ATTRIBUTES = (Public, ); }; };
		E42667352A430B7A00CF601B /* Game.swift in Sources */ = {isa = PBXBuildFile; fileRef = E42667342A430B7A00CF601B /* Game.swift */; };
		E42667AC2A432FC500CF601B /* HttpClientRequest.swift in Sources */ = {isa = PBXBuildFile; fileRef = E42667AB2A432FC500CF601B /* HttpClientRequest.swift */; };
		E42667AF2A43311F00CF601B /* Alamofire in Frameworks */ = {isa = PBXBuildFile; productRef = E42667AE2A43311F00CF601B /* Alamofire */; };
		E42667B22A43318100CF601B /* URLSession+Extension.swift in Sources */ = {isa = PBXBuildFile; fileRef = E42667B12A43318100CF601B /* URLSession+Extension.swift */; };
		E42667B42A4331A000CF601B /* HttpClient.swift in Sources */ = {isa = PBXBuildFile; fileRef = E42667B32A4331A000CF601B /* HttpClient.swift */; };
		E42667B72A4331F100CF601B /* HttpClientError.swift in Sources */ = {isa = PBXBuildFile; fileRef = E42667B62A4331F100CF601B /* HttpClientError.swift */; };
		E42667BB2A4345F000CF601B /* GetGamesRequest.swift in Sources */ = {isa = PBXBuildFile; fileRef = E42667BA2A4345F000CF601B /* GetGamesRequest.swift */; };
		E42667BE2A4347DA00CF601B /* GameRemoteRepository.swift in Sources */ = {isa = PBXBuildFile; fileRef = E42667BD2A4347DA00CF601B /* GameRemoteRepository.swift */; };
		E42667C02A4348BB00CF601B /* GameAlamofireRepository.swift in Sources */ = {isa = PBXBuildFile; fileRef = E42667BF2A4348BB00CF601B /* GameAlamofireRepository.swift */; };
		E42667C42A4349F300CF601B /* GameTranslator.swift in Sources */ = {isa = PBXBuildFile; fileRef = E42667C32A4349F300CF601B /* GameTranslator.swift */; };
		E42667C62A434E6700CF601B /* GameProxy.swift in Sources */ = {isa = PBXBuildFile; fileRef = E42667C52A434E6700CF601B /* GameProxy.swift */; };
		E42667C92A434EB500CF601B /* Domain.framework in Frameworks */ = {isa = PBXBuildFile; fileRef = E42667C82A434EB500CF601B /* Domain.framework */; };
		E42667CA2A434EB500CF601B /* Domain.framework in Embed Frameworks */ = {isa = PBXBuildFile; fileRef = E42667C82A434EB500CF601B /* Domain.framework */; settings = {ATTRIBUTES = (CodeSignOnCopy, RemoveHeadersOnCopy, ); }; };
		E42667CE2A43557100CF601B /* NetworkVerify.swift in Sources */ = {isa = PBXBuildFile; fileRef = E42667CD2A43557100CF601B /* NetworkVerify.swift */; };
		E42667D02A43578100CF601B /* LocalizationFramework+Bundle.swift in Sources */ = {isa = PBXBuildFile; fileRef = E42667CF2A43578100CF601B /* LocalizationFramework+Bundle.swift */; };
		E42667D22A4357DE00CF601B /* LocalizedHelper.swift in Sources */ = {isa = PBXBuildFile; fileRef = E42667D12A4357DE00CF601B /* LocalizedHelper.swift */; };
		E42667D42A43591400CF601B /* TechnicalException.swift in Sources */ = {isa = PBXBuildFile; fileRef = E42667D32A43591400CF601B /* TechnicalException.swift */; };
		E42667D82A4359CD00CF601B /* InfrastructureLocalizable.strings in Resources */ = {isa = PBXBuildFile; fileRef = E42667D72A4359CD00CF601B /* InfrastructureLocalizable.strings */; };
		E42667DB2A435EDB00CF601B /* GameProxyTests.swift in Sources */ = {isa = PBXBuildFile; fileRef = E42667DA2A435EDB00CF601B /* GameProxyTests.swift */; };
		E42667DE2A435FD700CF601B /* StubNetworkVerify.swift in Sources */ = {isa = PBXBuildFile; fileRef = E42667DD2A435FD700CF601B /* StubNetworkVerify.swift */; };
		E42667E02A43606200CF601B /* StubGameRemoteRepository.swift in Sources */ = {isa = PBXBuildFile; fileRef = E42667DF2A43606200CF601B /* StubGameRemoteRepository.swift */; };
		E42667E62A4366E000CF601B /* Swinject in Frameworks */ = {isa = PBXBuildFile; productRef = E42667E52A4366E000CF601B /* Swinject */; };
/* End PBXBuildFile section */

/* Begin PBXContainerItemProxy section */
		E426671C2A4305E600CF601B /* PBXContainerItemProxy */ = {
			isa = PBXContainerItemProxy;
			containerPortal = E42667092A4305E500CF601B /* Project object */;
			proxyType = 1;
			remoteGlobalIDString = E42667112A4305E500CF601B;
			remoteInfo = Infrastructure;
		};
/* End PBXContainerItemProxy section */

/* Begin PBXCopyFilesBuildPhase section */
		E42667CB2A434EB500CF601B /* Embed Frameworks */ = {
			isa = PBXCopyFilesBuildPhase;
			buildActionMask = 2147483647;
			dstPath = "";
			dstSubfolderSpec = 10;
			files = (
				E42667CA2A434EB500CF601B /* Domain.framework in Embed Frameworks */,
			);
			name = "Embed Frameworks";
			runOnlyForDeploymentPostprocessing = 0;
		};
/* End PBXCopyFilesBuildPhase section */

/* Begin PBXFileReference section */
		E419CE662A439ABC00399F79 /* HttpClientAssembler.swift */ = {isa = PBXFileReference; lastKnownFileType = sourcecode.swift; path = HttpClientAssembler.swift; sourceTree = "<group>"; };
		E419CE6D2A439B8500399F79 /* NetworkVerifyAssembler.swift */ = {isa = PBXFileReference; lastKnownFileType = sourcecode.swift; path = NetworkVerifyAssembler.swift; sourceTree = "<group>"; };
		E419CE702A439C8700399F79 /* GameAssembler.swift */ = {isa = PBXFileReference; lastKnownFileType = sourcecode.swift; path = GameAssembler.swift; sourceTree = "<group>"; };
		E419CE7F2A4467F100399F79 /* RealmManagerProtocol.swift */ = {isa = PBXFileReference; lastKnownFileType = sourcecode.swift; path = RealmManagerProtocol.swift; sourceTree = "<group>"; };
		E419CE812A44680D00399F79 /* RealmManager.swift */ = {isa = PBXFileReference; lastKnownFileType = sourcecode.swift; path = RealmManager.swift; sourceTree = "<group>"; };
		E419CE852A446A8C00399F79 /* GameDao.swift */ = {isa = PBXFileReference; lastKnownFileType = sourcecode.swift; path = GameDao.swift; sourceTree = "<group>"; };
		E42667122A4305E500CF601B /* Infrastructure.framework */ = {isa = PBXFileReference; explicitFileType = wrapper.framework; includeInIndex = 0; path = Infrastructure.framework; sourceTree = BUILT_PRODUCTS_DIR; };
		E42667152A4305E500CF601B /* Infrastructure.h */ = {isa = PBXFileReference; lastKnownFileType = sourcecode.c.h; path = Infrastructure.h; sourceTree = "<group>"; };
		E426671A2A4305E600CF601B /* InfrastructureTests.xctest */ = {isa = PBXFileReference; explicitFileType = wrapper.cfbundle; includeInIndex = 0; path = InfrastructureTests.xctest; sourceTree = BUILT_PRODUCTS_DIR; };
		E42667342A430B7A00CF601B /* Game.swift */ = {isa = PBXFileReference; lastKnownFileType = sourcecode.swift; path = Game.swift; sourceTree = "<group>"; };
		E42667AB2A432FC500CF601B /* HttpClientRequest.swift */ = {isa = PBXFileReference; lastKnownFileType = sourcecode.swift; path = HttpClientRequest.swift; sourceTree = "<group>"; };
		E42667B12A43318100CF601B /* URLSession+Extension.swift */ = {isa = PBXFileReference; lastKnownFileType = sourcecode.swift; path = "URLSession+Extension.swift"; sourceTree = "<group>"; };
		E42667B32A4331A000CF601B /* HttpClient.swift */ = {isa = PBXFileReference; lastKnownFileType = sourcecode.swift; path = HttpClient.swift; sourceTree = "<group>"; };
		E42667B62A4331F100CF601B /* HttpClientError.swift */ = {isa = PBXFileReference; lastKnownFileType = sourcecode.swift; path = HttpClientError.swift; sourceTree = "<group>"; };
		E42667BA2A4345F000CF601B /* GetGamesRequest.swift */ = {isa = PBXFileReference; lastKnownFileType = sourcecode.swift; path = GetGamesRequest.swift; sourceTree = "<group>"; };
		E42667BD2A4347DA00CF601B /* GameRemoteRepository.swift */ = {isa = PBXFileReference; lastKnownFileType = sourcecode.swift; path = GameRemoteRepository.swift; sourceTree = "<group>"; };
		E42667BF2A4348BB00CF601B /* GameAlamofireRepository.swift */ = {isa = PBXFileReference; lastKnownFileType = sourcecode.swift; path = GameAlamofireRepository.swift; sourceTree = "<group>"; };
		E42667C32A4349F300CF601B /* GameTranslator.swift */ = {isa = PBXFileReference; lastKnownFileType = sourcecode.swift; path = GameTranslator.swift; sourceTree = "<group>"; };
		E42667C52A434E6700CF601B /* GameProxy.swift */ = {isa = PBXFileReference; lastKnownFileType = sourcecode.swift; path = GameProxy.swift; sourceTree = "<group>"; };
		E42667C82A434EB500CF601B /* Domain.framework */ = {isa = PBXFileReference; explicitFileType = wrapper.framework; path = Domain.framework; sourceTree = BUILT_PRODUCTS_DIR; };
		E42667CD2A43557100CF601B /* NetworkVerify.swift */ = {isa = PBXFileReference; lastKnownFileType = sourcecode.swift; path = NetworkVerify.swift; sourceTree = "<group>"; };
		E42667CF2A43578100CF601B /* LocalizationFramework+Bundle.swift */ = {isa = PBXFileReference; lastKnownFileType = sourcecode.swift; path = "LocalizationFramework+Bundle.swift"; sourceTree = "<group>"; };
		E42667D12A4357DE00CF601B /* LocalizedHelper.swift */ = {isa = PBXFileReference; lastKnownFileType = sourcecode.swift; path = LocalizedHelper.swift; sourceTree = "<group>"; };
		E42667D32A43591400CF601B /* TechnicalException.swift */ = {isa = PBXFileReference; lastKnownFileType = sourcecode.swift; path = TechnicalException.swift; sourceTree = "<group>"; };
		E42667D72A4359CD00CF601B /* InfrastructureLocalizable.strings */ = {isa = PBXFileReference; lastKnownFileType = text.plist.strings; path = InfrastructureLocalizable.strings; sourceTree = "<group>"; };
		E42667DA2A435EDB00CF601B /* GameProxyTests.swift */ = {isa = PBXFileReference; lastKnownFileType = sourcecode.swift; path = GameProxyTests.swift; sourceTree = "<group>"; };
		E42667DD2A435FD700CF601B /* StubNetworkVerify.swift */ = {isa = PBXFileReference; lastKnownFileType = sourcecode.swift; path = StubNetworkVerify.swift; sourceTree = "<group>"; };
		E42667DF2A43606200CF601B /* StubGameRemoteRepository.swift */ = {isa = PBXFileReference; lastKnownFileType = sourcecode.swift; path = StubGameRemoteRepository.swift; sourceTree = "<group>"; };
/* End PBXFileReference section */

/* Begin PBXFrameworksBuildPhase section */
		E426670F2A4305E500CF601B /* Frameworks */ = {
			isa = PBXFrameworksBuildPhase;
			buildActionMask = 2147483647;
			files = (
				E42667C92A434EB500CF601B /* Domain.framework in Frameworks */,
				E42667AF2A43311F00CF601B /* Alamofire in Frameworks */,
				E419CE742A4465B600399F79 /* Realm in Frameworks */,
				E419CE762A4465B600399F79 /* RealmSwift in Frameworks */,
				E42667E62A4366E000CF601B /* Swinject in Frameworks */,
			);
			runOnlyForDeploymentPostprocessing = 0;
		};
		E42667172A4305E600CF601B /* Frameworks */ = {
			isa = PBXFrameworksBuildPhase;
			buildActionMask = 2147483647;
			files = (
				E426671B2A4305E600CF601B /* Infrastructure.framework in Frameworks */,
			);
			runOnlyForDeploymentPostprocessing = 0;
		};
/* End PBXFrameworksBuildPhase section */

/* Begin PBXGroup section */
		E419CE652A439A9100399F79 /* DependencyAssambler */ = {
			isa = PBXGroup;
			children = (
				E419CE662A439ABC00399F79 /* HttpClientAssembler.swift */,
			);
			path = DependencyAssambler;
			sourceTree = "<group>";
		};
		E419CE6B2A439B6400399F79 /* DependencyAssambler */ = {
			isa = PBXGroup;
			children = (
				E419CE6D2A439B8500399F79 /* NetworkVerifyAssembler.swift */,
			);
			path = DependencyAssambler;
			sourceTree = "<group>";
		};
		E419CE6F2A439C5100399F79 /* DependencyAssambler */ = {
			isa = PBXGroup;
			children = (
				E419CE702A439C8700399F79 /* GameAssembler.swift */,
			);
			path = DependencyAssambler;
			sourceTree = "<group>";
		};
		E419CE7C2A4467AD00399F79 /* Database */ = {
			isa = PBXGroup;
			children = (
				E419CE7E2A4467E100399F79 /* Realm */,
			);
			path = Database;
			sourceTree = "<group>";
		};
		E419CE7E2A4467E100399F79 /* Realm */ = {
			isa = PBXGroup;
			children = (
				E419CE7F2A4467F100399F79 /* RealmManagerProtocol.swift */,
				E419CE812A44680D00399F79 /* RealmManager.swift */,
			);
			path = Realm;
			sourceTree = "<group>";
		};
		E419CE832A446A4A00399F79 /* Persistance */ = {
			isa = PBXGroup;
			children = (
				E419CE842A446A5700399F79 /* Dao */,
			);
			path = Persistance;
			sourceTree = "<group>";
		};
		E419CE842A446A5700399F79 /* Dao */ = {
			isa = PBXGroup;
			children = (
				E419CE852A446A8C00399F79 /* GameDao.swift */,
			);
			path = Dao;
			sourceTree = "<group>";
		};
		E42667082A4305E500CF601B = {
			isa = PBXGroup;
			children = (
				E42667142A4305E500CF601B /* Infrastructure */,
				E426671E2A4305E600CF601B /* InfrastructureTests */,
				E42667132A4305E500CF601B /* Products */,
				E42667C72A434EB500CF601B /* Frameworks */,
			);
			sourceTree = "<group>";
		};
		E42667132A4305E500CF601B /* Products */ = {
			isa = PBXGroup;
			children = (
				E42667122A4305E500CF601B /* Infrastructure.framework */,
				E426671A2A4305E600CF601B /* InfrastructureTests.xctest */,
			);
			name = Products;
			sourceTree = "<group>";
		};
		E42667142A4305E500CF601B /* Infrastructure */ = {
			isa = PBXGroup;
			children = (
				E419CE7C2A4467AD00399F79 /* Database */,
				E42667152A4305E500CF601B /* Infrastructure.h */,
				E42667302A430AC300CF601B /* Game */,
				E42667A92A432F6200CF601B /* Shared */,
			);
			path = Infrastructure;
			sourceTree = "<group>";
		};
		E426671E2A4305E600CF601B /* InfrastructureTests */ = {
			isa = PBXGroup;
			children = (
				E42667D92A435EB100CF601B /* Game */,
			);
			path = InfrastructureTests;
			sourceTree = "<group>";
		};
		E42667302A430AC300CF601B /* Game */ = {
			isa = PBXGroup;
			children = (
				E419CE832A446A4A00399F79 /* Persistance */,
				E419CE6F2A439C5100399F79 /* DependencyAssambler */,
				E42667C12A43499400CF601B /* Anticurruption */,
				E42667322A430B4C00CF601B /* Dto */,
				E42667B82A43458D00CF601B /* Repository */,
			);
			path = Game;
			sourceTree = "<group>";
		};
		E42667322A430B4C00CF601B /* Dto */ = {
			isa = PBXGroup;
			children = (
				E42667342A430B7A00CF601B /* Game.swift */,
			);
			path = Dto;
			sourceTree = "<group>";
		};
		E42667A92A432F6200CF601B /* Shared */ = {
			isa = PBXGroup;
			children = (
				E42667B52A4331DE00CF601B /* Exception */,
				E42667AA2A432F7500CF601B /* HttpClient */,
				E42667D52A43599800CF601B /* Localizable */,
				E42667CC2A43555800CF601B /* Network */,
			);
			path = Shared;
			sourceTree = "<group>";
		};
		E42667AA2A432F7500CF601B /* HttpClient */ = {
			isa = PBXGroup;
			children = (
				E419CE652A439A9100399F79 /* DependencyAssambler */,
				E42667AB2A432FC500CF601B /* HttpClientRequest.swift */,
				E42667B32A4331A000CF601B /* HttpClient.swift */,
				E42667B02A43315B00CF601B /* Extension */,
			);
			path = HttpClient;
			sourceTree = "<group>";
		};
		E42667B02A43315B00CF601B /* Extension */ = {
			isa = PBXGroup;
			children = (
				E42667B12A43318100CF601B /* URLSession+Extension.swift */,
			);
			path = Extension;
			sourceTree = "<group>";
		};
		E42667B52A4331DE00CF601B /* Exception */ = {
			isa = PBXGroup;
			children = (
				E42667B62A4331F100CF601B /* HttpClientError.swift */,
				E42667D12A4357DE00CF601B /* LocalizedHelper.swift */,
				E42667D32A43591400CF601B /* TechnicalException.swift */,
			);
			path = Exception;
			sourceTree = "<group>";
		};
		E42667B82A43458D00CF601B /* Repository */ = {
			isa = PBXGroup;
			children = (
				E42667BC2A4347BB00CF601B /* Contracts */,
				E42667B92A4345D200CF601B /* Request */,
				E42667BF2A4348BB00CF601B /* GameAlamofireRepository.swift */,
				E42667C52A434E6700CF601B /* GameProxy.swift */,
			);
			path = Repository;
			sourceTree = "<group>";
		};
		E42667B92A4345D200CF601B /* Request */ = {
			isa = PBXGroup;
			children = (
				E42667BA2A4345F000CF601B /* GetGamesRequest.swift */,
			);
			path = Request;
			sourceTree = "<group>";
		};
		E42667BC2A4347BB00CF601B /* Contracts */ = {
			isa = PBXGroup;
			children = (
				E42667BD2A4347DA00CF601B /* GameRemoteRepository.swift */,
			);
			path = Contracts;
			sourceTree = "<group>";
		};
		E42667C12A43499400CF601B /* Anticurruption */ = {
			isa = PBXGroup;
			children = (
				E42667C32A4349F300CF601B /* GameTranslator.swift */,
			);
			path = Anticurruption;
			sourceTree = "<group>";
		};
		E42667C72A434EB500CF601B /* Frameworks */ = {
			isa = PBXGroup;
			children = (
				E42667C82A434EB500CF601B /* Domain.framework */,
			);
			name = Frameworks;
			sourceTree = "<group>";
		};
		E42667CC2A43555800CF601B /* Network */ = {
			isa = PBXGroup;
			children = (
				E42667CD2A43557100CF601B /* NetworkVerify.swift */,
				E419CE6B2A439B6400399F79 /* DependencyAssambler */,
			);
			path = Network;
			sourceTree = "<group>";
		};
		E42667D52A43599800CF601B /* Localizable */ = {
			isa = PBXGroup;
			children = (
				E42667CF2A43578100CF601B /* LocalizationFramework+Bundle.swift */,
				E42667D72A4359CD00CF601B /* InfrastructureLocalizable.strings */,
			);
			path = Localizable;
			sourceTree = "<group>";
		};
		E42667D92A435EB100CF601B /* Game */ = {
			isa = PBXGroup;
			children = (
				E42667DC2A435FC400CF601B /* Stubs */,
				E42667DA2A435EDB00CF601B /* GameProxyTests.swift */,
			);
			path = Game;
			sourceTree = "<group>";
		};
		E42667DC2A435FC400CF601B /* Stubs */ = {
			isa = PBXGroup;
			children = (
				E42667DD2A435FD700CF601B /* StubNetworkVerify.swift */,
				E42667DF2A43606200CF601B /* StubGameRemoteRepository.swift */,
			);
			path = Stubs;
			sourceTree = "<group>";
		};
/* End PBXGroup section */

/* Begin PBXHeadersBuildPhase section */
		E426670D2A4305E500CF601B /* Headers */ = {
			isa = PBXHeadersBuildPhase;
			buildActionMask = 2147483647;
			files = (
				E42667212A4305E600CF601B /* Infrastructure.h in Headers */,
			);
			runOnlyForDeploymentPostprocessing = 0;
		};
/* End PBXHeadersBuildPhase section */

/* Begin PBXNativeTarget section */
		E42667112A4305E500CF601B /* Infrastructure */ = {
			isa = PBXNativeTarget;
			buildConfigurationList = E42667242A4305E600CF601B /* Build configuration list for PBXNativeTarget "Infrastructure" */;
			buildPhases = (
				E426670D2A4305E500CF601B /* Headers */,
				E426670E2A4305E500CF601B /* Sources */,
				E426670F2A4305E500CF601B /* Frameworks */,
				E42667102A4305E500CF601B /* Resources */,
				E42667CB2A434EB500CF601B /* Embed Frameworks */,
			);
			buildRules = (
			);
			dependencies = (
			);
			name = Infrastructure;
			packageProductDependencies = (
				E42667AE2A43311F00CF601B /* Alamofire */,
				E42667E52A4366E000CF601B /* Swinject */,
				E419CE732A4465B600399F79 /* Realm */,
				E419CE752A4465B600399F79 /* RealmSwift */,
			);
			productName = Infrastructure;
			productReference = E42667122A4305E500CF601B /* Infrastructure.framework */;
			productType = "com.apple.product-type.framework";
		};
		E42667192A4305E600CF601B /* InfrastructureTests */ = {
			isa = PBXNativeTarget;
			buildConfigurationList = E42667272A4305E600CF601B /* Build configuration list for PBXNativeTarget "InfrastructureTests" */;
			buildPhases = (
				E42667162A4305E600CF601B /* Sources */,
				E42667172A4305E600CF601B /* Frameworks */,
				E42667182A4305E600CF601B /* Resources */,
			);
			buildRules = (
			);
			dependencies = (
				E426671D2A4305E600CF601B /* PBXTargetDependency */,
			);
			name = InfrastructureTests;
			productName = InfrastructureTests;
			productReference = E426671A2A4305E600CF601B /* InfrastructureTests.xctest */;
			productType = "com.apple.product-type.bundle.unit-test";
		};
/* End PBXNativeTarget section */

/* Begin PBXProject section */
		E42667092A4305E500CF601B /* Project object */ = {
			isa = PBXProject;
			attributes = {
				BuildIndependentTargetsInParallel = 1;
				LastSwiftUpdateCheck = 1430;
				LastUpgradeCheck = 1430;
				TargetAttributes = {
					E42667112A4305E500CF601B = {
						CreatedOnToolsVersion = 14.3.1;
						LastSwiftMigration = 1430;
					};
					E42667192A4305E600CF601B = {
						CreatedOnToolsVersion = 14.3.1;
					};
				};
			};
			buildConfigurationList = E426670C2A4305E500CF601B /* Build configuration list for PBXProject "Infrastructure" */;
			compatibilityVersion = "Xcode 14.0";
			developmentRegion = en;
			hasScannedForEncodings = 0;
			knownRegions = (
				en,
				Base,
			);
			mainGroup = E42667082A4305E500CF601B;
			packageReferences = (
				E42667AD2A43311F00CF601B /* XCRemoteSwiftPackageReference "Alamofire" */,
				E42667E42A4366E000CF601B /* XCRemoteSwiftPackageReference "Swinject" */,
				E419CE722A4465B600399F79 /* XCRemoteSwiftPackageReference "realm-swift" */,
			);
			productRefGroup = E42667132A4305E500CF601B /* Products */;
			projectDirPath = "";
			projectRoot = "";
			targets = (
				E42667112A4305E500CF601B /* Infrastructure */,
				E42667192A4305E600CF601B /* InfrastructureTests */,
			);
		};
/* End PBXProject section */

/* Begin PBXResourcesBuildPhase section */
		E42667102A4305E500CF601B /* Resources */ = {
			isa = PBXResourcesBuildPhase;
			buildActionMask = 2147483647;
			files = (
				E42667D82A4359CD00CF601B /* InfrastructureLocalizable.strings in Resources */,
			);
			runOnlyForDeploymentPostprocessing = 0;
		};
		E42667182A4305E600CF601B /* Resources */ = {
			isa = PBXResourcesBuildPhase;
			buildActionMask = 2147483647;
			files = (
			);
			runOnlyForDeploymentPostprocessing = 0;
		};
/* End PBXResourcesBuildPhase section */

/* Begin PBXSourcesBuildPhase section */
		E426670E2A4305E500CF601B /* Sources */ = {
			isa = PBXSourcesBuildPhase;
			buildActionMask = 2147483647;
			files = (
				E42667C42A4349F300CF601B /* GameTranslator.swift in Sources */,
				E42667D42A43591400CF601B /* TechnicalException.swift in Sources */,
				E42667D02A43578100CF601B /* LocalizationFramework+Bundle.swift in Sources */,
				E42667AC2A432FC500CF601B /* HttpClientRequest.swift in Sources */,
				E419CE6E2A439B8500399F79 /* NetworkVerifyAssembler.swift in Sources */,
				E419CE822A44680D00399F79 /* RealmManager.swift in Sources */,
				E419CE862A446A8C00399F79 /* GameDao.swift in Sources */,
				E42667CE2A43557100CF601B /* NetworkVerify.swift in Sources */,
				E419CE712A439C8700399F79 /* GameAssembler.swift in Sources */,
				E419CE802A4467F100399F79 /* RealmManagerProtocol.swift in Sources */,
				E42667352A430B7A00CF601B /* Game.swift in Sources */,
				E42667C02A4348BB00CF601B /* GameAlamofireRepository.swift in Sources */,
				E42667B42A4331A000CF601B /* HttpClient.swift in Sources */,
				E42667B72A4331F100CF601B /* HttpClientError.swift in Sources */,
				E42667C62A434E6700CF601B /* GameProxy.swift in Sources */,
				E42667BB2A4345F000CF601B /* GetGamesRequest.swift in Sources */,
				E42667D22A4357DE00CF601B /* LocalizedHelper.swift in Sources */,
				E42667B22A43318100CF601B /* URLSession+Extension.swift in Sources */,
				E419CE672A439ABC00399F79 /* HttpClientAssembler.swift in Sources */,
				E42667BE2A4347DA00CF601B /* GameRemoteRepository.swift in Sources */,
			);
			runOnlyForDeploymentPostprocessing = 0;
		};
		E42667162A4305E600CF601B /* Sources */ = {
			isa = PBXSourcesBuildPhase;
			buildActionMask = 2147483647;
			files = (
				E42667DB2A435EDB00CF601B /* GameProxyTests.swift in Sources */,
				E42667DE2A435FD700CF601B /* StubNetworkVerify.swift in Sources */,
				E42667E02A43606200CF601B /* StubGameRemoteRepository.swift in Sources */,
			);
			runOnlyForDeploymentPostprocessing = 0;
		};
/* End PBXSourcesBuildPhase section */

/* Begin PBXTargetDependency section */
		E426671D2A4305E600CF601B /* PBXTargetDependency */ = {
			isa = PBXTargetDependency;
			target = E42667112A4305E500CF601B /* Infrastructure */;
			targetProxy = E426671C2A4305E600CF601B /* PBXContainerItemProxy */;
		};
/* End PBXTargetDependency section */

/* Begin XCBuildConfiguration section */
		E42667222A4305E600CF601B /* Debug */ = {
			isa = XCBuildConfiguration;
			buildSettings = {
				ALWAYS_SEARCH_USER_PATHS = NO;
				CLANG_ANALYZER_NONNULL = YES;
				CLANG_ANALYZER_NUMBER_OBJECT_CONVERSION = YES_AGGRESSIVE;
				CLANG_CXX_LANGUAGE_STANDARD = "gnu++20";
				CLANG_ENABLE_MODULES = YES;
				CLANG_ENABLE_OBJC_ARC = YES;
				CLANG_ENABLE_OBJC_WEAK = YES;
				CLANG_WARN_BLOCK_CAPTURE_AUTORELEASING = YES;
				CLANG_WARN_BOOL_CONVERSION = YES;
				CLANG_WARN_COMMA = YES;
				CLANG_WARN_CONSTANT_CONVERSION = YES;
				CLANG_WARN_DEPRECATED_OBJC_IMPLEMENTATIONS = YES;
				CLANG_WARN_DIRECT_OBJC_ISA_USAGE = YES_ERROR;
				CLANG_WARN_DOCUMENTATION_COMMENTS = YES;
				CLANG_WARN_EMPTY_BODY = YES;
				CLANG_WARN_ENUM_CONVERSION = YES;
				CLANG_WARN_INFINITE_RECURSION = YES;
				CLANG_WARN_INT_CONVERSION = YES;
				CLANG_WARN_NON_LITERAL_NULL_CONVERSION = YES;
				CLANG_WARN_OBJC_IMPLICIT_RETAIN_SELF = YES;
				CLANG_WARN_OBJC_LITERAL_CONVERSION = YES;
				CLANG_WARN_OBJC_ROOT_CLASS = YES_ERROR;
				CLANG_WARN_QUOTED_INCLUDE_IN_FRAMEWORK_HEADER = YES;
				CLANG_WARN_RANGE_LOOP_ANALYSIS = YES;
				CLANG_WARN_STRICT_PROTOTYPES = YES;
				CLANG_WARN_SUSPICIOUS_MOVE = YES;
				CLANG_WARN_UNGUARDED_AVAILABILITY = YES_AGGRESSIVE;
				CLANG_WARN_UNREACHABLE_CODE = YES;
				CLANG_WARN__DUPLICATE_METHOD_MATCH = YES;
				COPY_PHASE_STRIP = NO;
				CURRENT_PROJECT_VERSION = 1;
				DEBUG_INFORMATION_FORMAT = dwarf;
				ENABLE_STRICT_OBJC_MSGSEND = YES;
				ENABLE_TESTABILITY = YES;
				GCC_C_LANGUAGE_STANDARD = gnu11;
				GCC_DYNAMIC_NO_PIC = NO;
				GCC_NO_COMMON_BLOCKS = YES;
				GCC_OPTIMIZATION_LEVEL = 0;
				GCC_PREPROCESSOR_DEFINITIONS = (
					"DEBUG=1",
					"$(inherited)",
				);
				GCC_WARN_64_TO_32_BIT_CONVERSION = YES;
				GCC_WARN_ABOUT_RETURN_TYPE = YES_ERROR;
				GCC_WARN_UNDECLARED_SELECTOR = YES;
				GCC_WARN_UNINITIALIZED_AUTOS = YES_AGGRESSIVE;
				GCC_WARN_UNUSED_FUNCTION = YES;
				GCC_WARN_UNUSED_VARIABLE = YES;
				IPHONEOS_DEPLOYMENT_TARGET = 16.4;
				MTL_ENABLE_DEBUG_INFO = INCLUDE_SOURCE;
				MTL_FAST_MATH = YES;
				ONLY_ACTIVE_ARCH = YES;
				SDKROOT = iphoneos;
				SWIFT_ACTIVE_COMPILATION_CONDITIONS = DEBUG;
				SWIFT_OPTIMIZATION_LEVEL = "-Onone";
				VERSIONING_SYSTEM = "apple-generic";
				VERSION_INFO_PREFIX = "";
			};
			name = Debug;
		};
		E42667232A4305E600CF601B /* Release */ = {
			isa = XCBuildConfiguration;
			buildSettings = {
				ALWAYS_SEARCH_USER_PATHS = NO;
				CLANG_ANALYZER_NONNULL = YES;
				CLANG_ANALYZER_NUMBER_OBJECT_CONVERSION = YES_AGGRESSIVE;
				CLANG_CXX_LANGUAGE_STANDARD = "gnu++20";
				CLANG_ENABLE_MODULES = YES;
				CLANG_ENABLE_OBJC_ARC = YES;
				CLANG_ENABLE_OBJC_WEAK = YES;
				CLANG_WARN_BLOCK_CAPTURE_AUTORELEASING = YES;
				CLANG_WARN_BOOL_CONVERSION = YES;
				CLANG_WARN_COMMA = YES;
				CLANG_WARN_CONSTANT_CONVERSION = YES;
				CLANG_WARN_DEPRECATED_OBJC_IMPLEMENTATIONS = YES;
				CLANG_WARN_DIRECT_OBJC_ISA_USAGE = YES_ERROR;
				CLANG_WARN_DOCUMENTATION_COMMENTS = YES;
				CLANG_WARN_EMPTY_BODY = YES;
				CLANG_WARN_ENUM_CONVERSION = YES;
				CLANG_WARN_INFINITE_RECURSION = YES;
				CLANG_WARN_INT_CONVERSION = YES;
				CLANG_WARN_NON_LITERAL_NULL_CONVERSION = YES;
				CLANG_WARN_OBJC_IMPLICIT_RETAIN_SELF = YES;
				CLANG_WARN_OBJC_LITERAL_CONVERSION = YES;
				CLANG_WARN_OBJC_ROOT_CLASS = YES_ERROR;
				CLANG_WARN_QUOTED_INCLUDE_IN_FRAMEWORK_HEADER = YES;
				CLANG_WARN_RANGE_LOOP_ANALYSIS = YES;
				CLANG_WARN_STRICT_PROTOTYPES = YES;
				CLANG_WARN_SUSPICIOUS_MOVE = YES;
				CLANG_WARN_UNGUARDED_AVAILABILITY = YES_AGGRESSIVE;
				CLANG_WARN_UNREACHABLE_CODE = YES;
				CLANG_WARN__DUPLICATE_METHOD_MATCH = YES;
				COPY_PHASE_STRIP = NO;
				CURRENT_PROJECT_VERSION = 1;
				DEBUG_INFORMATION_FORMAT = "dwarf-with-dsym";
				ENABLE_NS_ASSERTIONS = NO;
				ENABLE_STRICT_OBJC_MSGSEND = YES;
				GCC_C_LANGUAGE_STANDARD = gnu11;
				GCC_NO_COMMON_BLOCKS = YES;
				GCC_WARN_64_TO_32_BIT_CONVERSION = YES;
				GCC_WARN_ABOUT_RETURN_TYPE = YES_ERROR;
				GCC_WARN_UNDECLARED_SELECTOR = YES;
				GCC_WARN_UNINITIALIZED_AUTOS = YES_AGGRESSIVE;
				GCC_WARN_UNUSED_FUNCTION = YES;
				GCC_WARN_UNUSED_VARIABLE = YES;
				IPHONEOS_DEPLOYMENT_TARGET = 16.4;
				MTL_ENABLE_DEBUG_INFO = NO;
				MTL_FAST_MATH = YES;
				SDKROOT = iphoneos;
				SWIFT_COMPILATION_MODE = wholemodule;
				SWIFT_OPTIMIZATION_LEVEL = "-O";
				VALIDATE_PRODUCT = YES;
				VERSIONING_SYSTEM = "apple-generic";
				VERSION_INFO_PREFIX = "";
			};
			name = Release;
		};
		E42667252A4305E600CF601B /* Debug */ = {
			isa = XCBuildConfiguration;
			buildSettings = {
				CLANG_ENABLE_MODULES = YES;
				CODE_SIGN_STYLE = Automatic;
				CURRENT_PROJECT_VERSION = 1;
				DEFINES_MODULE = YES;
				DYLIB_COMPATIBILITY_VERSION = 1;
				DYLIB_CURRENT_VERSION = 1;
				DYLIB_INSTALL_NAME_BASE = "@rpath";
				ENABLE_MODULE_VERIFIER = YES;
				GENERATE_INFOPLIST_FILE = YES;
				INFOPLIST_KEY_NSHumanReadableCopyright = "";
				INSTALL_PATH = "$(LOCAL_LIBRARY_DIR)/Frameworks";
				LD_RUNPATH_SEARCH_PATHS = (
					"$(inherited)",
					"@executable_path/Frameworks",
					"@loader_path/Frameworks",
				);
				MARKETING_VERSION = 1.0;
				MODULE_VERIFIER_SUPPORTED_LANGUAGES = "objective-c objective-c++";
				MODULE_VERIFIER_SUPPORTED_LANGUAGE_STANDARDS = "gnu11 gnu++20";
				PRODUCT_BUNDLE_IDENTIFIER = com.jaime.uribe.Infrastructure;
				PRODUCT_NAME = "$(TARGET_NAME:c99extidentifier)";
				SKIP_INSTALL = YES;
				SUPPORTED_PLATFORMS = "iphoneos iphonesimulator";
				SUPPORTS_MACCATALYST = NO;
				SUPPORTS_MAC_DESIGNED_FOR_IPHONE_IPAD = NO;
				SWIFT_EMIT_LOC_STRINGS = YES;
				SWIFT_OPTIMIZATION_LEVEL = "-Onone";
				SWIFT_VERSION = 5.0;
				TARGETED_DEVICE_FAMILY = 1;
			};
			name = Debug;
		};
		E42667262A4305E600CF601B /* Release */ = {
			isa = XCBuildConfiguration;
			buildSettings = {
				CLANG_ENABLE_MODULES = YES;
				CODE_SIGN_STYLE = Automatic;
				CURRENT_PROJECT_VERSION = 1;
				DEFINES_MODULE = YES;
				DYLIB_COMPATIBILITY_VERSION = 1;
				DYLIB_CURRENT_VERSION = 1;
				DYLIB_INSTALL_NAME_BASE = "@rpath";
				ENABLE_MODULE_VERIFIER = YES;
				GENERATE_INFOPLIST_FILE = YES;
				INFOPLIST_KEY_NSHumanReadableCopyright = "";
				INSTALL_PATH = "$(LOCAL_LIBRARY_DIR)/Frameworks";
				LD_RUNPATH_SEARCH_PATHS = (
					"$(inherited)",
					"@executable_path/Frameworks",
					"@loader_path/Frameworks",
				);
				MARKETING_VERSION = 1.0;
				MODULE_VERIFIER_SUPPORTED_LANGUAGES = "objective-c objective-c++";
				MODULE_VERIFIER_SUPPORTED_LANGUAGE_STANDARDS = "gnu11 gnu++20";
				PRODUCT_BUNDLE_IDENTIFIER = com.jaime.uribe.Infrastructure;
				PRODUCT_NAME = "$(TARGET_NAME:c99extidentifier)";
				SKIP_INSTALL = YES;
				SUPPORTED_PLATFORMS = "iphoneos iphonesimulator";
				SUPPORTS_MACCATALYST = NO;
				SUPPORTS_MAC_DESIGNED_FOR_IPHONE_IPAD = NO;
				SWIFT_EMIT_LOC_STRINGS = YES;
				SWIFT_VERSION = 5.0;
				TARGETED_DEVICE_FAMILY = 1;
			};
			name = Release;
		};
		E42667282A4305E600CF601B /* Debug */ = {
			isa = XCBuildConfiguration;
			buildSettings = {
				ALWAYS_EMBED_SWIFT_STANDARD_LIBRARIES = YES;
				CODE_SIGN_STYLE = Automatic;
				CURRENT_PROJECT_VERSION = 1;
				GENERATE_INFOPLIST_FILE = YES;
				MARKETING_VERSION = 1.0;
				PRODUCT_BUNDLE_IDENTIFIER = com.jaime.uribe.InfrastructureTests;
				PRODUCT_NAME = "$(TARGET_NAME)";
				SWIFT_EMIT_LOC_STRINGS = NO;
				SWIFT_VERSION = 5.0;
				TARGETED_DEVICE_FAMILY = "1,2";
			};
			name = Debug;
		};
		E42667292A4305E600CF601B /* Release */ = {
			isa = XCBuildConfiguration;
			buildSettings = {
				ALWAYS_EMBED_SWIFT_STANDARD_LIBRARIES = YES;
				CODE_SIGN_STYLE = Automatic;
				CURRENT_PROJECT_VERSION = 1;
				GENERATE_INFOPLIST_FILE = YES;
				MARKETING_VERSION = 1.0;
				PRODUCT_BUNDLE_IDENTIFIER = com.jaime.uribe.InfrastructureTests;
				PRODUCT_NAME = "$(TARGET_NAME)";
				SWIFT_EMIT_LOC_STRINGS = NO;
				SWIFT_VERSION = 5.0;
				TARGETED_DEVICE_FAMILY = "1,2";
			};
			name = Release;
		};
/* End XCBuildConfiguration section */

/* Begin XCConfigurationList section */
		E426670C2A4305E500CF601B /* Build configuration list for PBXProject "Infrastructure" */ = {
			isa = XCConfigurationList;
			buildConfigurations = (
				E42667222A4305E600CF601B /* Debug */,
				E42667232A4305E600CF601B /* Release */,
			);
			defaultConfigurationIsVisible = 0;
			defaultConfigurationName = Release;
		};
		E42667242A4305E600CF601B /* Build configuration list for PBXNativeTarget "Infrastructure" */ = {
			isa = XCConfigurationList;
			buildConfigurations = (
				E42667252A4305E600CF601B /* Debug */,
				E42667262A4305E600CF601B /* Release */,
			);
			defaultConfigurationIsVisible = 0;
			defaultConfigurationName = Release;
		};
		E42667272A4305E600CF601B /* Build configuration list for PBXNativeTarget "InfrastructureTests" */ = {
			isa = XCConfigurationList;
			buildConfigurations = (
				E42667282A4305E600CF601B /* Debug */,
				E42667292A4305E600CF601B /* Release */,
			);
			defaultConfigurationIsVisible = 0;
			defaultConfigurationName = Release;
		};
/* End XCConfigurationList section */

/* Begin XCRemoteSwiftPackageReference section */
		E419CE722A4465B600399F79 /* XCRemoteSwiftPackageReference "realm-swift" */ = {
			isa = XCRemoteSwiftPackageReference;
			repositoryURL = "https://github.com/realm/realm-swift.git";
			requirement = {
				branch = master;
				kind = branch;
			};
		};
		E42667AD2A43311F00CF601B /* XCRemoteSwiftPackageReference "Alamofire" */ = {
			isa = XCRemoteSwiftPackageReference;
			repositoryURL = "https://github.com/Alamofire/Alamofire.git";
			requirement = {
				kind = upToNextMajorVersion;
				minimumVersion = 5.0.0;
			};
		};
		E42667E42A4366E000CF601B /* XCRemoteSwiftPackageReference "Swinject" */ = {
			isa = XCRemoteSwiftPackageReference;
			repositoryURL = "https://github.com/Swinject/Swinject.git";
			requirement = {
				kind = upToNextMajorVersion;
				minimumVersion = 2.2.0;
			};
		};
/* End XCRemoteSwiftPackageReference section */

/* Begin XCSwiftPackageProductDependency section */
		E419CE732A4465B600399F79 /* Realm */ = {
			isa = XCSwiftPackageProductDependency;
			package = E419CE722A4465B600399F79 /* XCRemoteSwiftPackageReference "realm-swift" */;
			productName = Realm;
		};
		E419CE752A4465B600399F79 /* RealmSwift */ = {
			isa = XCSwiftPackageProductDependency;
			package = E419CE722A4465B600399F79 /* XCRemoteSwiftPackageReference "realm-swift" */;
			productName = RealmSwift;
		};
		E42667AE2A43311F00CF601B /* Alamofire */ = {
			isa = XCSwiftPackageProductDependency;
			package = E42667AD2A43311F00CF601B /* XCRemoteSwiftPackageReference "Alamofire" */;
			productName = Alamofire;
		};
		E42667E52A4366E000CF601B /* Swinject */ = {
			isa = XCSwiftPackageProductDependency;
			package = E42667E42A4366E000CF601B /* XCRemoteSwiftPackageReference "Swinject" */;
			productName = Swinject;
		};
/* End XCSwiftPackageProductDependency section */
	};
	rootObject = E42667092A4305E500CF601B /* Project object */;
}
