// !$*UTF8*$!
{
	archiveVersion = 1;
	classes = {
	};
	objectVersion = 56;
	objects = {

/* Begin PBXBuildFile section */
		E419CE562A437C2B00399F79 /* GameListViewModel.swift in Sources */ = {isa = PBXBuildFile; fileRef = E419CE552A437C2B00399F79 /* GameListViewModel.swift */; };
		E419CE592A43807D00399F79 /* ViewModelState.swift in Sources */ = {isa = PBXBuildFile; fileRef = E419CE582A43807D00399F79 /* ViewModelState.swift */; };
		E419CE5B2A43819600399F79 /* GameListViewModelObservable.swift in Sources */ = {isa = PBXBuildFile; fileRef = E419CE5A2A43819600399F79 /* GameListViewModelObservable.swift */; };
		E419CE5E2A4395AA00399F79 /* DependencyInjectionContainer.swift in Sources */ = {isa = PBXBuildFile; fileRef = E419CE5D2A4395AA00399F79 /* DependencyInjectionContainer.swift */; };
		E419CE612A43968B00399F79 /* GameListDependencyAssembler.swift in Sources */ = {isa = PBXBuildFile; fileRef = E419CE602A43968B00399F79 /* GameListDependencyAssembler.swift */; };
		E419CE642A43995600399F79 /* GameDependencyInjection.swift in Sources */ = {isa = PBXBuildFile; fileRef = E419CE632A43995600399F79 /* GameDependencyInjection.swift */; };
		E419CE6A2A439B2800399F79 /* InfrastructureDependencyInjection.swift in Sources */ = {isa = PBXBuildFile; fileRef = E419CE692A439B2800399F79 /* InfrastructureDependencyInjection.swift */; };
		E419CE882A44938100399F79 /* GameListItemView.swift in Sources */ = {isa = PBXBuildFile; fileRef = E419CE872A44938100399F79 /* GameListItemView.swift */; };
		E419CE8B2A4497B600399F79 /* URLImageView.swift in Sources */ = {isa = PBXBuildFile; fileRef = E419CE8A2A4497B600399F79 /* URLImageView.swift */; };
		E419CE8E2A4497F900399F79 /* ImageExtension.swift in Sources */ = {isa = PBXBuildFile; fileRef = E419CE8D2A4497F900399F79 /* ImageExtension.swift */; };
		E419CE912A44AB1F00399F79 /* GameDatailView.swift in Sources */ = {isa = PBXBuildFile; fileRef = E419CE902A44AB1F00399F79 /* GameDatailView.swift */; };
		E419CE9F2A44F49A00399F79 /* GameDetailViewModel.swift in Sources */ = {isa = PBXBuildFile; fileRef = E419CE9E2A44F49A00399F79 /* GameDetailViewModel.swift */; };
		E419CEA12A44F57F00399F79 /* GameDetailObservable.swift in Sources */ = {isa = PBXBuildFile; fileRef = E419CEA02A44F57F00399F79 /* GameDetailObservable.swift */; };
		E419CEA52A44F6AF00399F79 /* GameDetailDependencyAssembler.swift in Sources */ = {isa = PBXBuildFile; fileRef = E419CEA42A44F6AF00399F79 /* GameDetailDependencyAssembler.swift */; };
		E419CEA72A45039F00399F79 /* GalleryView.swift in Sources */ = {isa = PBXBuildFile; fileRef = E419CEA62A45039F00399F79 /* GalleryView.swift */; };
		E419CEA92A450AF300399F79 /* NavigationLazyView.swift in Sources */ = {isa = PBXBuildFile; fileRef = E419CEA82A450AF300399F79 /* NavigationLazyView.swift */; };
		E42666BD2A4304F000CF601B /* FreetogameApp.swift in Sources */ = {isa = PBXBuildFile; fileRef = E42666BC2A4304F000CF601B /* FreetogameApp.swift */; };
		E42666BF2A4304F000CF601B /* GameListView.swift in Sources */ = {isa = PBXBuildFile; fileRef = E42666BE2A4304F000CF601B /* GameListView.swift */; };
		E42666C12A4304F100CF601B /* Assets.xcassets in Resources */ = {isa = PBXBuildFile; fileRef = E42666C02A4304F100CF601B /* Assets.xcassets */; };
		E42666C42A4304F100CF601B /* Preview Assets.xcassets in Resources */ = {isa = PBXBuildFile; fileRef = E42666C32A4304F100CF601B /* Preview Assets.xcassets */; };
		E426674F2A431C1000CF601B /* Domain.framework in Frameworks */ = {isa = PBXBuildFile; fileRef = E426674D2A431C1000CF601B /* Domain.framework */; };
		E42667502A431C1000CF601B /* Domain.framework in Embed Frameworks */ = {isa = PBXBuildFile; fileRef = E426674D2A431C1000CF601B /* Domain.framework */; settings = {ATTRIBUTES = (CodeSignOnCopy, RemoveHeadersOnCopy, ); }; };
		E42667512A431C1100CF601B /* Infrastructure.framework in Frameworks */ = {isa = PBXBuildFile; fileRef = E426674E2A431C1000CF601B /* Infrastructure.framework */; };
		E42667522A431C1100CF601B /* Infrastructure.framework in Embed Frameworks */ = {isa = PBXBuildFile; fileRef = E426674E2A431C1000CF601B /* Infrastructure.framework */; settings = {ATTRIBUTES = (CodeSignOnCopy, RemoveHeadersOnCopy, ); }; };
		E42667702A43238500CF601B /* FreetogameTests.swift in Sources */ = {isa = PBXBuildFile; fileRef = E426676F2A43238500CF601B /* FreetogameTests.swift */; };
		E42667E32A4366B900CF601B /* Swinject in Frameworks */ = {isa = PBXBuildFile; productRef = E42667E22A4366B900CF601B /* Swinject */; };
/* End PBXBuildFile section */

/* Begin PBXContainerItemProxy section */
		E42667712A43238500CF601B /* PBXContainerItemProxy */ = {
			isa = PBXContainerItemProxy;
			containerPortal = E42666B12A4304EF00CF601B /* Project object */;
			proxyType = 1;
			remoteGlobalIDString = E42666B82A4304F000CF601B;
			remoteInfo = Presentation;
		};
/* End PBXContainerItemProxy section */

/* Begin PBXCopyFilesBuildPhase section */
		E42667532A431C1100CF601B /* Embed Frameworks */ = {
			isa = PBXCopyFilesBuildPhase;
			buildActionMask = 2147483647;
			dstPath = "";
			dstSubfolderSpec = 10;
			files = (
				E42667502A431C1000CF601B /* Domain.framework in Embed Frameworks */,
				E42667522A431C1100CF601B /* Infrastructure.framework in Embed Frameworks */,
			);
			name = "Embed Frameworks";
			runOnlyForDeploymentPostprocessing = 0;
		};
/* End PBXCopyFilesBuildPhase section */

/* Begin PBXFileReference section */
		E419CE552A437C2B00399F79 /* GameListViewModel.swift */ = {isa = PBXFileReference; lastKnownFileType = sourcecode.swift; path = GameListViewModel.swift; sourceTree = "<group>"; };
		E419CE582A43807D00399F79 /* ViewModelState.swift */ = {isa = PBXFileReference; lastKnownFileType = sourcecode.swift; path = ViewModelState.swift; sourceTree = "<group>"; };
		E419CE5A2A43819600399F79 /* GameListViewModelObservable.swift */ = {isa = PBXFileReference; lastKnownFileType = sourcecode.swift; path = GameListViewModelObservable.swift; sourceTree = "<group>"; };
		E419CE5D2A4395AA00399F79 /* DependencyInjectionContainer.swift */ = {isa = PBXFileReference; lastKnownFileType = sourcecode.swift; path = DependencyInjectionContainer.swift; sourceTree = "<group>"; };
		E419CE602A43968B00399F79 /* GameListDependencyAssembler.swift */ = {isa = PBXFileReference; lastKnownFileType = sourcecode.swift; path = GameListDependencyAssembler.swift; sourceTree = "<group>"; };
		E419CE632A43995600399F79 /* GameDependencyInjection.swift */ = {isa = PBXFileReference; lastKnownFileType = sourcecode.swift; path = GameDependencyInjection.swift; sourceTree = "<group>"; };
		E419CE692A439B2800399F79 /* InfrastructureDependencyInjection.swift */ = {isa = PBXFileReference; lastKnownFileType = sourcecode.swift; path = InfrastructureDependencyInjection.swift; sourceTree = "<group>"; };
		E419CE872A44938100399F79 /* GameListItemView.swift */ = {isa = PBXFileReference; lastKnownFileType = sourcecode.swift; path = GameListItemView.swift; sourceTree = "<group>"; };
		E419CE8A2A4497B600399F79 /* URLImageView.swift */ = {isa = PBXFileReference; lastKnownFileType = sourcecode.swift; path = URLImageView.swift; sourceTree = "<group>"; };
		E419CE8D2A4497F900399F79 /* ImageExtension.swift */ = {isa = PBXFileReference; lastKnownFileType = sourcecode.swift; path = ImageExtension.swift; sourceTree = "<group>"; };
		E419CE8F2A449E2B00399F79 /* Presentation-Info.plist */ = {isa = PBXFileReference; lastKnownFileType = text.plist; path = "Presentation-Info.plist"; sourceTree = "<group>"; };
		E419CE902A44AB1F00399F79 /* GameDatailView.swift */ = {isa = PBXFileReference; lastKnownFileType = sourcecode.swift; path = GameDatailView.swift; sourceTree = "<group>"; };
		E419CE9E2A44F49A00399F79 /* GameDetailViewModel.swift */ = {isa = PBXFileReference; lastKnownFileType = sourcecode.swift; path = GameDetailViewModel.swift; sourceTree = "<group>"; };
		E419CEA02A44F57F00399F79 /* GameDetailObservable.swift */ = {isa = PBXFileReference; lastKnownFileType = sourcecode.swift; path = GameDetailObservable.swift; sourceTree = "<group>"; };
		E419CEA42A44F6AF00399F79 /* GameDetailDependencyAssembler.swift */ = {isa = PBXFileReference; lastKnownFileType = sourcecode.swift; path = GameDetailDependencyAssembler.swift; sourceTree = "<group>"; };
		E419CEA62A45039F00399F79 /* GalleryView.swift */ = {isa = PBXFileReference; lastKnownFileType = sourcecode.swift; path = GalleryView.swift; sourceTree = "<group>"; };
		E419CEA82A450AF300399F79 /* NavigationLazyView.swift */ = {isa = PBXFileReference; lastKnownFileType = sourcecode.swift; path = NavigationLazyView.swift; sourceTree = "<group>"; };
		E42666B92A4304F000CF601B /* Freetogame.app */ = {isa = PBXFileReference; explicitFileType = wrapper.application; includeInIndex = 0; path = Freetogame.app; sourceTree = BUILT_PRODUCTS_DIR; };
		E42666BC2A4304F000CF601B /* FreetogameApp.swift */ = {isa = PBXFileReference; lastKnownFileType = sourcecode.swift; path = FreetogameApp.swift; sourceTree = "<group>"; };
		E42666BE2A4304F000CF601B /* GameListView.swift */ = {isa = PBXFileReference; lastKnownFileType = sourcecode.swift; path = GameListView.swift; sourceTree = "<group>"; };
		E42666C02A4304F100CF601B /* Assets.xcassets */ = {isa = PBXFileReference; lastKnownFileType = folder.assetcatalog; path = Assets.xcassets; sourceTree = "<group>"; };
		E42666C32A4304F100CF601B /* Preview Assets.xcassets */ = {isa = PBXFileReference; lastKnownFileType = folder.assetcatalog; path = "Preview Assets.xcassets"; sourceTree = "<group>"; };
		E426674D2A431C1000CF601B /* Domain.framework */ = {isa = PBXFileReference; explicitFileType = wrapper.framework; path = Domain.framework; sourceTree = BUILT_PRODUCTS_DIR; };
		E426674E2A431C1000CF601B /* Infrastructure.framework */ = {isa = PBXFileReference; explicitFileType = wrapper.framework; path = Infrastructure.framework; sourceTree = BUILT_PRODUCTS_DIR; };
		E426676D2A43238500CF601B /* FreetogameTests.xctest */ = {isa = PBXFileReference; explicitFileType = wrapper.cfbundle; includeInIndex = 0; path = FreetogameTests.xctest; sourceTree = BUILT_PRODUCTS_DIR; };
		E426676F2A43238500CF601B /* FreetogameTests.swift */ = {isa = PBXFileReference; lastKnownFileType = sourcecode.swift; path = FreetogameTests.swift; sourceTree = "<group>"; };
/* End PBXFileReference section */

/* Begin PBXFrameworksBuildPhase section */
		E42666B62A4304F000CF601B /* Frameworks */ = {
			isa = PBXFrameworksBuildPhase;
			buildActionMask = 2147483647;
			files = (
				E426674F2A431C1000CF601B /* Domain.framework in Frameworks */,
				E42667512A431C1100CF601B /* Infrastructure.framework in Frameworks */,
				E42667E32A4366B900CF601B /* Swinject in Frameworks */,
			);
			runOnlyForDeploymentPostprocessing = 0;
		};
		E426676A2A43238500CF601B /* Frameworks */ = {
			isa = PBXFrameworksBuildPhase;
			buildActionMask = 2147483647;
			files = (
			);
			runOnlyForDeploymentPostprocessing = 0;
		};
/* End PBXFrameworksBuildPhase section */

/* Begin PBXGroup section */
		E419CE512A437BAC00399F79 /* Game */ = {
			isa = PBXGroup;
			children = (
				E419CE9B2A44F01200399F79 /* GameDetail */,
				E419CE522A437BCE00399F79 /* GameList */,
			);
			path = Game;
			sourceTree = "<group>";
		};
		E419CE522A437BCE00399F79 /* GameList */ = {
			isa = PBXGroup;
			children = (
				E419CE5F2A43963C00399F79 /* DependencyAssembler */,
				E419CE542A437BE600399F79 /* View */,
				E419CE532A437BDE00399F79 /* ViewModel */,
			);
			path = GameList;
			sourceTree = "<group>";
		};
		E419CE532A437BDE00399F79 /* ViewModel */ = {
			isa = PBXGroup;
			children = (
				E419CE552A437C2B00399F79 /* GameListViewModel.swift */,
				E419CE5A2A43819600399F79 /* GameListViewModelObservable.swift */,
			);
			path = ViewModel;
			sourceTree = "<group>";
		};
		E419CE542A437BE600399F79 /* View */ = {
			isa = PBXGroup;
			children = (
				E42666BE2A4304F000CF601B /* GameListView.swift */,
				E419CE872A44938100399F79 /* GameListItemView.swift */,
			);
			path = View;
			sourceTree = "<group>";
		};
		E419CE572A43806D00399F79 /* Shared */ = {
			isa = PBXGroup;
			children = (
				E419CE8C2A4497E700399F79 /* Extension */,
				E419CE892A4497A300399F79 /* Component */,
				E419CE582A43807D00399F79 /* ViewModelState.swift */,
			);
			path = Shared;
			sourceTree = "<group>";
		};
		E419CE5C2A43958300399F79 /* DependencyInjection */ = {
			isa = PBXGroup;
			children = (
				E419CE682A439B1100399F79 /* InfrastructureDependencyInjection */,
				E419CE622A4398DB00399F79 /* GameDependencyInjection */,
				E419CE5D2A4395AA00399F79 /* DependencyInjectionContainer.swift */,
			);
			path = DependencyInjection;
			sourceTree = "<group>";
		};
		E419CE5F2A43963C00399F79 /* DependencyAssembler */ = {
			isa = PBXGroup;
			children = (
				E419CE602A43968B00399F79 /* GameListDependencyAssembler.swift */,
			);
			path = DependencyAssembler;
			sourceTree = "<group>";
		};
		E419CE622A4398DB00399F79 /* GameDependencyInjection */ = {
			isa = PBXGroup;
			children = (
				E419CE632A43995600399F79 /* GameDependencyInjection.swift */,
			);
			path = GameDependencyInjection;
			sourceTree = "<group>";
		};
		E419CE682A439B1100399F79 /* InfrastructureDependencyInjection */ = {
			isa = PBXGroup;
			children = (
				E419CE692A439B2800399F79 /* InfrastructureDependencyInjection.swift */,
			);
			path = InfrastructureDependencyInjection;
			sourceTree = "<group>";
		};
		E419CE892A4497A300399F79 /* Component */ = {
			isa = PBXGroup;
			children = (
				E419CE8A2A4497B600399F79 /* URLImageView.swift */,
				E419CEA82A450AF300399F79 /* NavigationLazyView.swift */,
			);
			path = Component;
			sourceTree = "<group>";
		};
		E419CE8C2A4497E700399F79 /* Extension */ = {
			isa = PBXGroup;
			children = (
				E419CE8D2A4497F900399F79 /* ImageExtension.swift */,
			);
			path = Extension;
			sourceTree = "<group>";
		};
		E419CE9B2A44F01200399F79 /* GameDetail */ = {
			isa = PBXGroup;
			children = (
				E419CEA22A44F67500399F79 /* DependencyAssembler */,
				E419CE9D2A44F04800399F79 /* ViewModel */,
				E419CE9C2A44F04100399F79 /* View */,
			);
			path = GameDetail;
			sourceTree = "<group>";
		};
		E419CE9C2A44F04100399F79 /* View */ = {
			isa = PBXGroup;
			children = (
				E419CE902A44AB1F00399F79 /* GameDatailView.swift */,
				E419CEA62A45039F00399F79 /* GalleryView.swift */,
			);
			path = View;
			sourceTree = "<group>";
		};
		E419CE9D2A44F04800399F79 /* ViewModel */ = {
			isa = PBXGroup;
			children = (
				E419CE9E2A44F49A00399F79 /* GameDetailViewModel.swift */,
				E419CEA02A44F57F00399F79 /* GameDetailObservable.swift */,
			);
			path = ViewModel;
			sourceTree = "<group>";
		};
		E419CEA22A44F67500399F79 /* DependencyAssembler */ = {
			isa = PBXGroup;
			children = (
				E419CEA42A44F6AF00399F79 /* GameDetailDependencyAssembler.swift */,
			);
			path = DependencyAssembler;
			sourceTree = "<group>";
		};
		E42666B02A4304EF00CF601B = {
			isa = PBXGroup;
			children = (
				E419CE8F2A449E2B00399F79 /* Presentation-Info.plist */,
				E42666BB2A4304F000CF601B /* Freetogame */,
				E426676E2A43238500CF601B /* FreetogameTests */,
				E42666BA2A4304F000CF601B /* Products */,
				E426674C2A431C1000CF601B /* Frameworks */,
			);
			sourceTree = "<group>";
		};
		E42666BA2A4304F000CF601B /* Products */ = {
			isa = PBXGroup;
			children = (
				E42666B92A4304F000CF601B /* Freetogame.app */,
				E426676D2A43238500CF601B /* FreetogameTests.xctest */,
			);
			name = Products;
			sourceTree = "<group>";
		};
		E42666BB2A4304F000CF601B /* Freetogame */ = {
			isa = PBXGroup;
			children = (
				E419CE5C2A43958300399F79 /* DependencyInjection */,
				E42666C02A4304F100CF601B /* Assets.xcassets */,
				E42666BC2A4304F000CF601B /* FreetogameApp.swift */,
				E419CE512A437BAC00399F79 /* Game */,
				E42666C22A4304F100CF601B /* Preview Content */,
				E419CE572A43806D00399F79 /* Shared */,
			);
			path = Freetogame;
			sourceTree = "<group>";
		};
		E42666C22A4304F100CF601B /* Preview Content */ = {
			isa = PBXGroup;
			children = (
				E42666C32A4304F100CF601B /* Preview Assets.xcassets */,
			);
			path = "Preview Content";
			sourceTree = "<group>";
		};
		E426674C2A431C1000CF601B /* Frameworks */ = {
			isa = PBXGroup;
			children = (
				E426674D2A431C1000CF601B /* Domain.framework */,
				E426674E2A431C1000CF601B /* Infrastructure.framework */,
			);
			name = Frameworks;
			sourceTree = "<group>";
		};
		E426676E2A43238500CF601B /* FreetogameTests */ = {
			isa = PBXGroup;
			children = (
				E426676F2A43238500CF601B /* FreetogameTests.swift */,
			);
			path = FreetogameTests;
			sourceTree = "<group>";
		};
/* End PBXGroup section */

/* Begin PBXNativeTarget section */
		E42666B82A4304F000CF601B /* Presentation */ = {
			isa = PBXNativeTarget;
			buildConfigurationList = E42666DD2A4304F100CF601B /* Build configuration list for PBXNativeTarget "Presentation" */;
			buildPhases = (
				E42666B52A4304F000CF601B /* Sources */,
				E42666B62A4304F000CF601B /* Frameworks */,
				E42666B72A4304F000CF601B /* Resources */,
				E42667532A431C1100CF601B /* Embed Frameworks */,
			);
			buildRules = (
			);
			dependencies = (
			);
			name = Presentation;
			packageProductDependencies = (
				E42667E22A4366B900CF601B /* Swinject */,
			);
			productName = Freetogame;
			productReference = E42666B92A4304F000CF601B /* Freetogame.app */;
			productType = "com.apple.product-type.application";
		};
		E426676C2A43238500CF601B /* FreetogameTests */ = {
			isa = PBXNativeTarget;
			buildConfigurationList = E42667752A43238600CF601B /* Build configuration list for PBXNativeTarget "FreetogameTests" */;
			buildPhases = (
				E42667692A43238500CF601B /* Sources */,
				E426676A2A43238500CF601B /* Frameworks */,
				E426676B2A43238500CF601B /* Resources */,
			);
			buildRules = (
			);
			dependencies = (
				E42667722A43238500CF601B /* PBXTargetDependency */,
			);
			name = FreetogameTests;
			productName = FreetogameTests;
			productReference = E426676D2A43238500CF601B /* FreetogameTests.xctest */;
			productType = "com.apple.product-type.bundle.unit-test";
		};
/* End PBXNativeTarget section */

/* Begin PBXProject section */
		E42666B12A4304EF00CF601B /* Project object */ = {
			isa = PBXProject;
			attributes = {
				BuildIndependentTargetsInParallel = 1;
				LastSwiftUpdateCheck = 1430;
				LastUpgradeCheck = 1430;
				TargetAttributes = {
					E42666B82A4304F000CF601B = {
						CreatedOnToolsVersion = 14.3.1;
					};
					E426676C2A43238500CF601B = {
						CreatedOnToolsVersion = 14.3.1;
						TestTargetID = E42666B82A4304F000CF601B;
					};
				};
			};
			buildConfigurationList = E42666B42A4304EF00CF601B /* Build configuration list for PBXProject "Presentation" */;
			compatibilityVersion = "Xcode 14.0";
			developmentRegion = en;
			hasScannedForEncodings = 0;
			knownRegions = (
				en,
				Base,
			);
			mainGroup = E42666B02A4304EF00CF601B;
			packageReferences = (
				E42667E12A4366B900CF601B /* XCRemoteSwiftPackageReference "Swinject" */,
			);
			productRefGroup = E42666BA2A4304F000CF601B /* Products */;
			projectDirPath = "";
			projectRoot = "";
			targets = (
				E42666B82A4304F000CF601B /* Presentation */,
				E426676C2A43238500CF601B /* FreetogameTests */,
			);
		};
/* End PBXProject section */

/* Begin PBXResourcesBuildPhase section */
		E42666B72A4304F000CF601B /* Resources */ = {
			isa = PBXResourcesBuildPhase;
			buildActionMask = 2147483647;
			files = (
				E42666C42A4304F100CF601B /* Preview Assets.xcassets in Resources */,
				E42666C12A4304F100CF601B /* Assets.xcassets in Resources */,
			);
			runOnlyForDeploymentPostprocessing = 0;
		};
		E426676B2A43238500CF601B /* Resources */ = {
			isa = PBXResourcesBuildPhase;
			buildActionMask = 2147483647;
			files = (
			);
			runOnlyForDeploymentPostprocessing = 0;
		};
/* End PBXResourcesBuildPhase section */

/* Begin PBXSourcesBuildPhase section */
		E42666B52A4304F000CF601B /* Sources */ = {
			isa = PBXSourcesBuildPhase;
			buildActionMask = 2147483647;
			files = (
				E419CEA12A44F57F00399F79 /* GameDetailObservable.swift in Sources */,
				E419CE5E2A4395AA00399F79 /* DependencyInjectionContainer.swift in Sources */,
				E419CE9F2A44F49A00399F79 /* GameDetailViewModel.swift in Sources */,
				E419CE592A43807D00399F79 /* ViewModelState.swift in Sources */,
				E42666BF2A4304F000CF601B /* GameListView.swift in Sources */,
				E419CEA72A45039F00399F79 /* GalleryView.swift in Sources */,
				E42666BD2A4304F000CF601B /* FreetogameApp.swift in Sources */,
				E419CE8B2A4497B600399F79 /* URLImageView.swift in Sources */,
				E419CE642A43995600399F79 /* GameDependencyInjection.swift in Sources */,
				E419CEA52A44F6AF00399F79 /* GameDetailDependencyAssembler.swift in Sources */,
				E419CE5B2A43819600399F79 /* GameListViewModelObservable.swift in Sources */,
				E419CE8E2A4497F900399F79 /* ImageExtension.swift in Sources */,
				E419CE612A43968B00399F79 /* GameListDependencyAssembler.swift in Sources */,
				E419CE562A437C2B00399F79 /* GameListViewModel.swift in Sources */,
				E419CEA92A450AF300399F79 /* NavigationLazyView.swift in Sources */,
				E419CE6A2A439B2800399F79 /* InfrastructureDependencyInjection.swift in Sources */,
				E419CE912A44AB1F00399F79 /* GameDatailView.swift in Sources */,
				E419CE882A44938100399F79 /* GameListItemView.swift in Sources */,
			);
			runOnlyForDeploymentPostprocessing = 0;
		};
		E42667692A43238500CF601B /* Sources */ = {
			isa = PBXSourcesBuildPhase;
			buildActionMask = 2147483647;
			files = (
				E42667702A43238500CF601B /* FreetogameTests.swift in Sources */,
			);
			runOnlyForDeploymentPostprocessing = 0;
		};
/* End PBXSourcesBuildPhase section */

/* Begin PBXTargetDependency section */
		E42667722A43238500CF601B /* PBXTargetDependency */ = {
			isa = PBXTargetDependency;
			target = E42666B82A4304F000CF601B /* Presentation */;
			targetProxy = E42667712A43238500CF601B /* PBXContainerItemProxy */;
		};
/* End PBXTargetDependency section */

/* Begin XCBuildConfiguration section */
		E42666DB2A4304F100CF601B /* Debug */ = {
			isa = XCBuildConfiguration;
			buildSettings = {
				ALWAYS_SEARCH_USER_PATHS = NO;
				CLANG_ANALYZER_NONNULL = YES;
				CLANG_ANALYZER_NUMBER_OBJECT_CONVERSION = YES_AGGRESSIVE;
				CLANG_CXX_LANGUAGE_STANDARD = "gnu++20";
				CLANG_ENABLE_MODULES = YES;
				CLANG_ENABLE_OBJC_ARC = YES;
				CLANG_ENABLE_OBJC_WEAK = YES;
				CLANG_WARN_BLOCK_CAPTURE_AUTORELEASING = YES;
				CLANG_WARN_BOOL_CONVERSION = YES;
				CLANG_WARN_COMMA = YES;
				CLANG_WARN_CONSTANT_CONVERSION = YES;
				CLANG_WARN_DEPRECATED_OBJC_IMPLEMENTATIONS = YES;
				CLANG_WARN_DIRECT_OBJC_ISA_USAGE = YES_ERROR;
				CLANG_WARN_DOCUMENTATION_COMMENTS = YES;
				CLANG_WARN_EMPTY_BODY = YES;
				CLANG_WARN_ENUM_CONVERSION = YES;
				CLANG_WARN_INFINITE_RECURSION = YES;
				CLANG_WARN_INT_CONVERSION = YES;
				CLANG_WARN_NON_LITERAL_NULL_CONVERSION = YES;
				CLANG_WARN_OBJC_IMPLICIT_RETAIN_SELF = YES;
				CLANG_WARN_OBJC_LITERAL_CONVERSION = YES;
				CLANG_WARN_OBJC_ROOT_CLASS = YES_ERROR;
				CLANG_WARN_QUOTED_INCLUDE_IN_FRAMEWORK_HEADER = YES;
				CLANG_WARN_RANGE_LOOP_ANALYSIS = YES;
				CLANG_WARN_STRICT_PROTOTYPES = YES;
				CLANG_WARN_SUSPICIOUS_MOVE = YES;
				CLANG_WARN_UNGUARDED_AVAILABILITY = YES_AGGRESSIVE;
				CLANG_WARN_UNREACHABLE_CODE = YES;
				CLANG_WARN__DUPLICATE_METHOD_MATCH = YES;
				COPY_PHASE_STRIP = NO;
				DEBUG_INFORMATION_FORMAT = dwarf;
				ENABLE_STRICT_OBJC_MSGSEND = YES;
				ENABLE_TESTABILITY = YES;
				GCC_C_LANGUAGE_STANDARD = gnu11;
				GCC_DYNAMIC_NO_PIC = NO;
				GCC_NO_COMMON_BLOCKS = YES;
				GCC_OPTIMIZATION_LEVEL = 0;
				GCC_PREPROCESSOR_DEFINITIONS = (
					"DEBUG=1",
					"$(inherited)",
				);
				GCC_WARN_64_TO_32_BIT_CONVERSION = YES;
				GCC_WARN_ABOUT_RETURN_TYPE = YES_ERROR;
				GCC_WARN_UNDECLARED_SELECTOR = YES;
				GCC_WARN_UNINITIALIZED_AUTOS = YES_AGGRESSIVE;
				GCC_WARN_UNUSED_FUNCTION = YES;
				GCC_WARN_UNUSED_VARIABLE = YES;
				IPHONEOS_DEPLOYMENT_TARGET = 16.4;
				MTL_ENABLE_DEBUG_INFO = INCLUDE_SOURCE;
				MTL_FAST_MATH = YES;
				ONLY_ACTIVE_ARCH = YES;
				SDKROOT = iphoneos;
				SWIFT_ACTIVE_COMPILATION_CONDITIONS = DEBUG;
				SWIFT_OPTIMIZATION_LEVEL = "-Onone";
			};
			name = Debug;
		};
		E42666DC2A4304F100CF601B /* Release */ = {
			isa = XCBuildConfiguration;
			buildSettings = {
				ALWAYS_SEARCH_USER_PATHS = NO;
				CLANG_ANALYZER_NONNULL = YES;
				CLANG_ANALYZER_NUMBER_OBJECT_CONVERSION = YES_AGGRESSIVE;
				CLANG_CXX_LANGUAGE_STANDARD = "gnu++20";
				CLANG_ENABLE_MODULES = YES;
				CLANG_ENABLE_OBJC_ARC = YES;
				CLANG_ENABLE_OBJC_WEAK = YES;
				CLANG_WARN_BLOCK_CAPTURE_AUTORELEASING = YES;
				CLANG_WARN_BOOL_CONVERSION = YES;
				CLANG_WARN_COMMA = YES;
				CLANG_WARN_CONSTANT_CONVERSION = YES;
				CLANG_WARN_DEPRECATED_OBJC_IMPLEMENTATIONS = YES;
				CLANG_WARN_DIRECT_OBJC_ISA_USAGE = YES_ERROR;
				CLANG_WARN_DOCUMENTATION_COMMENTS = YES;
				CLANG_WARN_EMPTY_BODY = YES;
				CLANG_WARN_ENUM_CONVERSION = YES;
				CLANG_WARN_INFINITE_RECURSION = YES;
				CLANG_WARN_INT_CONVERSION = YES;
				CLANG_WARN_NON_LITERAL_NULL_CONVERSION = YES;
				CLANG_WARN_OBJC_IMPLICIT_RETAIN_SELF = YES;
				CLANG_WARN_OBJC_LITERAL_CONVERSION = YES;
				CLANG_WARN_OBJC_ROOT_CLASS = YES_ERROR;
				CLANG_WARN_QUOTED_INCLUDE_IN_FRAMEWORK_HEADER = YES;
				CLANG_WARN_RANGE_LOOP_ANALYSIS = YES;
				CLANG_WARN_STRICT_PROTOTYPES = YES;
				CLANG_WARN_SUSPICIOUS_MOVE = YES;
				CLANG_WARN_UNGUARDED_AVAILABILITY = YES_AGGRESSIVE;
				CLANG_WARN_UNREACHABLE_CODE = YES;
				CLANG_WARN__DUPLICATE_METHOD_MATCH = YES;
				COPY_PHASE_STRIP = NO;
				DEBUG_INFORMATION_FORMAT = "dwarf-with-dsym";
				ENABLE_NS_ASSERTIONS = NO;
				ENABLE_STRICT_OBJC_MSGSEND = YES;
				GCC_C_LANGUAGE_STANDARD = gnu11;
				GCC_NO_COMMON_BLOCKS = YES;
				GCC_WARN_64_TO_32_BIT_CONVERSION = YES;
				GCC_WARN_ABOUT_RETURN_TYPE = YES_ERROR;
				GCC_WARN_UNDECLARED_SELECTOR = YES;
				GCC_WARN_UNINITIALIZED_AUTOS = YES_AGGRESSIVE;
				GCC_WARN_UNUSED_FUNCTION = YES;
				GCC_WARN_UNUSED_VARIABLE = YES;
				IPHONEOS_DEPLOYMENT_TARGET = 16.4;
				MTL_ENABLE_DEBUG_INFO = NO;
				MTL_FAST_MATH = YES;
				SDKROOT = iphoneos;
				SWIFT_COMPILATION_MODE = wholemodule;
				SWIFT_OPTIMIZATION_LEVEL = "-O";
				VALIDATE_PRODUCT = YES;
			};
			name = Release;
		};
		E42666DE2A4304F100CF601B /* Debug */ = {
			isa = XCBuildConfiguration;
			buildSettings = {
				ASSETCATALOG_COMPILER_APPICON_NAME = AppIcon;
				ASSETCATALOG_COMPILER_GLOBAL_ACCENT_COLOR_NAME = AccentColor;
				CODE_SIGN_STYLE = Automatic;
				CURRENT_PROJECT_VERSION = 1;
				DEVELOPMENT_ASSET_PATHS = "\"Freetogame/Preview Content\"";
				ENABLE_PREVIEWS = YES;
				GENERATE_INFOPLIST_FILE = YES;
				INFOPLIST_FILE = "Presentation-Info.plist";
				INFOPLIST_KEY_UIApplicationSceneManifest_Generation = YES;
				INFOPLIST_KEY_UIApplicationSupportsIndirectInputEvents = YES;
				INFOPLIST_KEY_UISupportedInterfaceOrientations_iPad = "UIInterfaceOrientationPortrait UIInterfaceOrientationPortraitUpsideDown UIInterfaceOrientationLandscapeLeft UIInterfaceOrientationLandscapeRight";
				INFOPLIST_KEY_UISupportedInterfaceOrientations_iPhone = "UIInterfaceOrientationPortrait UIInterfaceOrientationLandscapeLeft UIInterfaceOrientationLandscapeRight";
				INFOPLIST_KEY_UIUserInterfaceStyle = Dark;
				LD_RUNPATH_SEARCH_PATHS = (
					"$(inherited)",
					"@executable_path/Frameworks",
				);
				MARKETING_VERSION = 1.0;
				PRODUCT_BUNDLE_IDENTIFIER = com.jaime.uribe.Freetogame;
				PRODUCT_NAME = Freetogame;
				SWIFT_EMIT_LOC_STRINGS = YES;
				SWIFT_VERSION = 5.0;
				TARGETED_DEVICE_FAMILY = "1,2";
			};
			name = Debug;
		};
		E42666DF2A4304F100CF601B /* Release */ = {
			isa = XCBuildConfiguration;
			buildSettings = {
				ASSETCATALOG_COMPILER_APPICON_NAME = AppIcon;
				ASSETCATALOG_COMPILER_GLOBAL_ACCENT_COLOR_NAME = AccentColor;
				CODE_SIGN_STYLE = Automatic;
				CURRENT_PROJECT_VERSION = 1;
				DEVELOPMENT_ASSET_PATHS = "\"Freetogame/Preview Content\"";
				ENABLE_PREVIEWS = YES;
				GENERATE_INFOPLIST_FILE = YES;
				INFOPLIST_FILE = "Presentation-Info.plist";
				INFOPLIST_KEY_UIApplicationSceneManifest_Generation = YES;
				INFOPLIST_KEY_UIApplicationSupportsIndirectInputEvents = YES;
				INFOPLIST_KEY_UISupportedInterfaceOrientations_iPad = "UIInterfaceOrientationPortrait UIInterfaceOrientationPortraitUpsideDown UIInterfaceOrientationLandscapeLeft UIInterfaceOrientationLandscapeRight";
				INFOPLIST_KEY_UISupportedInterfaceOrientations_iPhone = "UIInterfaceOrientationPortrait UIInterfaceOrientationLandscapeLeft UIInterfaceOrientationLandscapeRight";
				INFOPLIST_KEY_UIUserInterfaceStyle = Dark;
				LD_RUNPATH_SEARCH_PATHS = (
					"$(inherited)",
					"@executable_path/Frameworks",
				);
				MARKETING_VERSION = 1.0;
				PRODUCT_BUNDLE_IDENTIFIER = com.jaime.uribe.Freetogame;
				PRODUCT_NAME = Freetogame;
				SWIFT_EMIT_LOC_STRINGS = YES;
				SWIFT_VERSION = 5.0;
				TARGETED_DEVICE_FAMILY = "1,2";
			};
			name = Release;
		};
		E42667732A43238600CF601B /* Debug */ = {
			isa = XCBuildConfiguration;
			buildSettings = {
				BUNDLE_LOADER = "$(TEST_HOST)";
				CODE_SIGN_STYLE = Automatic;
				CURRENT_PROJECT_VERSION = 1;
				GENERATE_INFOPLIST_FILE = YES;
				MARKETING_VERSION = 1.0;
				PRODUCT_BUNDLE_IDENTIFIER = com.jaime.uribe.FreetogameTests;
				PRODUCT_NAME = "$(TARGET_NAME)";
				SWIFT_EMIT_LOC_STRINGS = NO;
				SWIFT_VERSION = 5.0;
				TARGETED_DEVICE_FAMILY = "1,2";
				TEST_HOST = "$(BUILT_PRODUCTS_DIR)/Freetogame.app/$(BUNDLE_EXECUTABLE_FOLDER_PATH)/Freetogame";
			};
			name = Debug;
		};
		E42667742A43238600CF601B /* Release */ = {
			isa = XCBuildConfiguration;
			buildSettings = {
				BUNDLE_LOADER = "$(TEST_HOST)";
				CODE_SIGN_STYLE = Automatic;
				CURRENT_PROJECT_VERSION = 1;
				GENERATE_INFOPLIST_FILE = YES;
				MARKETING_VERSION = 1.0;
				PRODUCT_BUNDLE_IDENTIFIER = com.jaime.uribe.FreetogameTests;
				PRODUCT_NAME = "$(TARGET_NAME)";
				SWIFT_EMIT_LOC_STRINGS = NO;
				SWIFT_VERSION = 5.0;
				TARGETED_DEVICE_FAMILY = "1,2";
				TEST_HOST = "$(BUILT_PRODUCTS_DIR)/Freetogame.app/$(BUNDLE_EXECUTABLE_FOLDER_PATH)/Freetogame";
			};
			name = Release;
		};
/* End XCBuildConfiguration section */

/* Begin XCConfigurationList section */
		E42666B42A4304EF00CF601B /* Build configuration list for PBXProject "Presentation" */ = {
			isa = XCConfigurationList;
			buildConfigurations = (
				E42666DB2A4304F100CF601B /* Debug */,
				E42666DC2A4304F100CF601B /* Release */,
			);
			defaultConfigurationIsVisible = 0;
			defaultConfigurationName = Release;
		};
		E42666DD2A4304F100CF601B /* Build configuration list for PBXNativeTarget "Presentation" */ = {
			isa = XCConfigurationList;
			buildConfigurations = (
				E42666DE2A4304F100CF601B /* Debug */,
				E42666DF2A4304F100CF601B /* Release */,
			);
			defaultConfigurationIsVisible = 0;
			defaultConfigurationName = Release;
		};
		E42667752A43238600CF601B /* Build configuration list for PBXNativeTarget "FreetogameTests" */ = {
			isa = XCConfigurationList;
			buildConfigurations = (
				E42667732A43238600CF601B /* Debug */,
				E42667742A43238600CF601B /* Release */,
			);
			defaultConfigurationIsVisible = 0;
			defaultConfigurationName = Release;
		};
/* End XCConfigurationList section */

/* Begin XCRemoteSwiftPackageReference section */
		E42667E12A4366B900CF601B /* XCRemoteSwiftPackageReference "Swinject" */ = {
			isa = XCRemoteSwiftPackageReference;
			repositoryURL = "https://github.com/Swinject/Swinject.git";
			requirement = {
				kind = upToNextMajorVersion;
				minimumVersion = 2.2.0;
			};
		};
/* End XCRemoteSwiftPackageReference section */

/* Begin XCSwiftPackageProductDependency section */
		E42667E22A4366B900CF601B /* Swinject */ = {
			isa = XCSwiftPackageProductDependency;
			package = E42667E12A4366B900CF601B /* XCRemoteSwiftPackageReference "Swinject" */;
			productName = Swinject;
		};
/* End XCSwiftPackageProductDependency section */
	};
	rootObject = E42666B12A4304EF00CF601B /* Project object */;
}
